
Microsoft Visual Studio Solution File, Format Version 12.00
# Visual Studio Version 17
VisualStudioVersion = 17.10.34916.146
MinimumVisualStudioVersion = 10.0.40219.1
Project("{FAE04EC0-301F-11D3-BF4B-00C04F79EFBC}") = "webapp_net8_fox", "webapp_net8_fox.csproj", "{0DCA5AC7-6FC7-4EE2-B517-2F804574CC41}"
EndProject
Global
	GlobalSection(SolutionConfigurationPlatforms) = preSolution
		Debug|Any CPU = Debug|Any CPU
		Release|Any CPU = Release|Any CPU
	EndGlobalSection
	GlobalSection(ProjectConfigurationPlatforms) = postSolution
		{0DCA5AC7-6FC7-4EE2-B517-2F804574CC41}.Debug|Any CPU.ActiveCfg = Debug|Any CPU
		{0DCA5AC7-6FC7-4EE2-B517-2F804574CC41}.Debug|Any CPU.Build.0 = Debug|Any CPU
		{0DCA5AC7-6FC7-4EE2-B517-2F804574CC41}.Release|Any CPU.ActiveCfg = Release|Any CPU
		{0DCA5AC7-6FC7-4EE2-B517-2F804574CC41}.Release|Any CPU.Build.0 = Release|Any CPU
	EndGlobalSection
	GlobalSection(SolutionProperties) = preSolution
		HideSolutionNode = FALSE
	EndGlobalSection
	GlobalSection(ExtensibilityGlobals) = postSolution
		SolutionGuid = {C2913DDE-C722-44AF-9BBC-2D32F43876DE}
	EndGlobalSection
EndGlobal
